
Microsoft Visual Studio Solution File, Format Version 12.00
# Visual Studio Version 16
VisualStudioVersion = 16.0.31019.35
MinimumVisualStudioVersion = 10.0.40219.1
Project("{FAE04EC0-301F-11D3-BF4B-00C04F79EFBC}") = "TrainGame", "TrainGame\TrainGame.csproj", "{B18D37E8-37FC-4DE1-B0AC-888669E0C28A}"
EndProject
Global
	GlobalSection(SolutionConfigurationPlatforms) = preSolution
		Debug|Any CPU = Debug|Any CPU
		Release|Any CPU = Release|Any CPU
	EndGlobalSection
	GlobalSection(ProjectConfigurationPlatforms) = postSolution
		{B18D37E8-37FC-4DE1-B0AC-888669E0C28A}.Debug|Any CPU.ActiveCfg = Debug|Any CPU
		{B18D37E8-37FC-4DE1-B0AC-888669E0C28A}.Debug|Any CPU.Build.0 = Debug|Any CPU
		{B18D37E8-37FC-4DE1-B0AC-888669E0C28A}.Release|Any CPU.ActiveCfg = Release|Any CPU
		{B18D37E8-37FC-4DE1-B0AC-888669E0C28A}.Release|Any CPU.Build.0 = Release|Any CPU
	EndGlobalSection
	GlobalSection(SolutionProperties) = preSolution
		HideSolutionNode = FALSE
	EndGlobalSection
	GlobalSection(ExtensibilityGlobals) = postSolution
		SolutionGuid = {C7549E6F-D654-4308-9FE4-DF9F145C2A00}
	EndGlobalSection
EndGlobal
