
Microsoft Visual Studio Solution File, Format Version 12.00
# Visual Studio Version 16
VisualStudioVersion = 16.0.30611.23
MinimumVisualStudioVersion = 10.0.40219.1
Project("{FAE04EC0-301F-11D3-BF4B-00C04F79EFBC}") = "16.10_test", "16.10_test\16.10_test.csproj", "{DDCA2B90-97BD-4C69-926F-6557AED0E292}"
EndProject
Global
	GlobalSection(SolutionConfigurationPlatforms) = preSolution
		Debug|Any CPU = Debug|Any CPU
		Release|Any CPU = Release|Any CPU
	EndGlobalSection
	GlobalSection(ProjectConfigurationPlatforms) = postSolution
		{DDCA2B90-97BD-4C69-926F-6557AED0E292}.Debug|Any CPU.ActiveCfg = Debug|Any CPU
		{DDCA2B90-97BD-4C69-926F-6557AED0E292}.Debug|Any CPU.Build.0 = Debug|Any CPU
		{DDCA2B90-97BD-4C69-926F-6557AED0E292}.Release|Any CPU.ActiveCfg = Release|Any CPU
		{DDCA2B90-97BD-4C69-926F-6557AED0E292}.Release|Any CPU.Build.0 = Release|Any CPU
	EndGlobalSection
	GlobalSection(SolutionProperties) = preSolution
		HideSolutionNode = FALSE
	EndGlobalSection
	GlobalSection(ExtensibilityGlobals) = postSolution
		SolutionGuid = {92BEFEB3-57B2-45EC-AAAC-927F85884D89}
	EndGlobalSection
EndGlobal
